
Microsoft Visual Studio Solution File, Format Version 12.00
# Visual Studio Version 17
VisualStudioVersion = 17.0.32014.148
MinimumVisualStudioVersion = 10.0.40219.1
Project("{FAE04EC0-301F-11D3-BF4B-00C04F79EFBC}") = "Net6HealthCheckMonitor", "Net6HealthCheckMonitor.csproj", "{304D085A-1CE4-45D6-86AE-7B984214426E}"
EndProject
Global
	GlobalSection(SolutionConfigurationPlatforms) = preSolution
		Debug|Any CPU = Debug|Any CPU
		Release|Any CPU = Release|Any CPU
	EndGlobalSection
	GlobalSection(ProjectConfigurationPlatforms) = postSolution
		{304D085A-1CE4-45D6-86AE-7B984214426E}.Debug|Any CPU.ActiveCfg = Debug|Any CPU
		{304D085A-1CE4-45D6-86AE-7B984214426E}.Debug|Any CPU.Build.0 = Debug|Any CPU
		{304D085A-1CE4-45D6-86AE-7B984214426E}.Release|Any CPU.ActiveCfg = Release|Any CPU
		{304D085A-1CE4-45D6-86AE-7B984214426E}.Release|Any CPU.Build.0 = Release|Any CPU
	EndGlobalSection
	GlobalSection(SolutionProperties) = preSolution
		HideSolutionNode = FALSE
	EndGlobalSection
	GlobalSection(ExtensibilityGlobals) = postSolution
		SolutionGuid = {98689567-DFA7-4CCC-AD9C-C7E5F8758343}
	EndGlobalSection
EndGlobal
